
Microsoft Visual Studio Solution File, Format Version 11.00
# Visual Studio 2010
Project("{FAE04EC0-301F-11D3-BF4B-00C04F79EFBC}") = "Assembly-CSharp", "Assembly-CSharp.csproj", "{5d10ce62-e1c3-07ae-4664-343a8c693ba4}"
EndProject
Project("{FAE04EC0-301F-11D3-BF4B-00C04F79EFBC}") = "Assembly-CSharp-Editor", "Assembly-CSharp-Editor.csproj", "{3f1a73a0-5782-2fea-acd3-28189a3200c3}"
EndProject
Global
	GlobalSection(SolutionConfigurationPlatforms) = preSolution
		Debug|Any CPU = Debug|Any CPU
	EndGlobalSection
	GlobalSection(ProjectConfigurationPlatforms) = postSolution
		{5d10ce62-e1c3-07ae-4664-343a8c693ba4}.Debug|Any CPU.ActiveCfg = Debug|Any CPU
		{5d10ce62-e1c3-07ae-4664-343a8c693ba4}.Debug|Any CPU.Build.0 = Debug|Any CPU
		{3f1a73a0-5782-2fea-acd3-28189a3200c3}.Debug|Any CPU.ActiveCfg = Debug|Any CPU
		{3f1a73a0-5782-2fea-acd3-28189a3200c3}.Debug|Any CPU.Build.0 = Debug|Any CPU
	EndGlobalSection
	GlobalSection(SolutionProperties) = preSolution
		HideSolutionNode = FALSE
	EndGlobalSection
EndGlobal
